<?xml version="1.0" encoding="UTF-8"?>
<Scheme
   LastUpgradeVersion = "1330"
   version = "1.3">
   <BuildAction
      parallelizeBuildables = "YES"
      buildImplicitDependencies = "YES">
      <BuildActionEntries>
         <BuildActionEntry
            buildForTesting = "YES"
            buildForRunning = "NO"
            buildForProfiling = "NO"
            buildForArchiving = "NO"
            buildForAnalyzing = "NO">
            <BuildableReference
               BuildableIdentifier = "primary"
               BlueprintIdentifier = "90CAA00A27DB2F88007B5FDE"
               BuildableName = "DavidChallengeTests.xctest"
               BlueprintName = "DavidChallengeTests"
               ReferencedContainer = "container:David Castro Challenge.xcodeproj">
            </BuildableReference>
         </BuildActionEntry>
         <BuildActionEntry
            buildForTesting = "YES"
            buildForRunning = "NO"
            buildForProfiling = "NO"
            buildForArchiving = "NO"
            buildForAnalyzing = "NO">
            <BuildableReference
               BuildableIdentifier = "primary"
               BlueprintIdentifier = "907130BF27D7329600B364B2"
               BuildableName = "NetworkingEndToEndTests.xctest"
               BlueprintName = "NetworkingEndToEndTests"
               ReferencedContainer = "container:David Castro Challenge.xcodeproj">
            </BuildableReference>
         </BuildActionEntry>
         <BuildActionEntry
            buildForTesting = "YES"
            buildForRunning = "NO"
            buildForProfiling = "NO"
            buildForArchiving = "NO"
            buildForAnalyzing = "NO">
            <BuildableReference
               BuildableIdentifier = "primary"
               BlueprintIdentifier = "907130A027D71A3900B364B2"
               BuildableName = "NetworkingTests.xctest"
               BlueprintName = "NetworkingTests"
               ReferencedContainer = "container:David Castro Challenge.xcodeproj">
            </BuildableReference>
         </BuildActionEntry>
         <BuildActionEntry
            buildForTesting = "YES"
            buildForRunning = "NO"
            buildForProfiling = "NO"
            buildForArchiving = "NO"
            buildForAnalyzing = "NO">
            <BuildableReference
               BuildableIdentifier = "primary"
               BlueprintIdentifier = "90A7387D27D9B06D00E6335A"
               BuildableName = "StoreTests.xctest"
               BlueprintName = "StoreTests"
               ReferencedContainer = "container:David Castro Challenge.xcodeproj">
            </BuildableReference>
         </BuildActionEntry>
         <BuildActionEntry
            buildForTesting = "YES"
            buildForRunning = "NO"
            buildForProfiling = "NO"
            buildForArchiving = "NO"
            buildForAnalyzing = "NO">
            <BuildableReference
               BuildableIdentifier = "primary"
               BlueprintIdentifier = "909BDD6D27DEEF5E003E2086"
               BuildableName = "iOSComponentsUIKitSnapshotTests.xctest"
               BlueprintName = "iOSComponentsUIKitSnapshotTests"
               ReferencedContainer = "container:David Castro Challenge.xcodeproj">
            </BuildableReference>
         </BuildActionEntry>
         <BuildActionEntry
            buildForTesting = "YES"
            buildForRunning = "NO"
            buildForProfiling = "NO"
            buildForArchiving = "NO"
            buildForAnalyzing = "NO">
            <BuildableReference
               BuildableIdentifier = "primary"
               BlueprintIdentifier = "909BDD5427DEEF3A003E2086"
               BuildableName = "iOSComponentsUIKitTests.xctest"
               BlueprintName = "iOSComponentsUIKitTests"
               ReferencedContainer = "container:David Castro Challenge.xcodeproj">
            </BuildableReference>
         </BuildActionEntry>
      </BuildActionEntries>
   </BuildAction>
   <TestAction
      buildConfiguration = "Debug"
      selectedDebuggerIdentifier = "Xcode.DebuggerFoundation.Debugger.LLDB"
      selectedLauncherIdentifier = "Xcode.DebuggerFoundation.Launcher.LLDB"
      shouldUseLaunchSchemeArgsEnv = "YES"
      codeCoverageEnabled = "YES"
      onlyGenerateCoverageForSpecifiedTargets = "YES">
      <CodeCoverageTargets>
         <BuildableReference
            BuildableIdentifier = "primary"
            BlueprintIdentifier = "90CA9FF527DB2F86007B5FDE"
            BuildableName = "DavidChallenge.app"
            BlueprintName = "DavidChallenge"
            ReferencedContainer = "container:David Castro Challenge.xcodeproj">
         </BuildableReference>
         <BuildableReference
            BuildableIdentifier = "primary"
            BlueprintIdentifier = "90408FEC27E12CEC0038DA03"
            BuildableName = "DogFeedFeature.framework"
            BlueprintName = "DogFeedFeature"
            ReferencedContainer = "container:David Castro Challenge.xcodeproj">
         </BuildableReference>
         <BuildableReference
            BuildableIdentifier = "primary"
            BlueprintIdentifier = "9071309127D719FD00B364B2"
            BuildableName = "Networking.framework"
            BlueprintName = "Networking"
            ReferencedContainer = "container:David Castro Challenge.xcodeproj">
         </BuildableReference>
         <BuildableReference
            BuildableIdentifier = "primary"
            BlueprintIdentifier = "90A7387227D9B05300E6335A"
            BuildableName = "Store.framework"
            BlueprintName = "Store"
            ReferencedContainer = "container:David Castro Challenge.xcodeproj">
         </BuildableReference>
         <BuildableReference
            BuildableIdentifier = "primary"
            BlueprintIdentifier = "909BDD4D27DEEF3A003E2086"
            BuildableName = "iOSComponentsUIKit.framework"
            BlueprintName = "iOSComponentsUIKit"
            ReferencedContainer = "container:David Castro Challenge.xcodeproj">
         </BuildableReference>
      </CodeCoverageTargets>
      <Testables>
         <TestableReference
            skipped = "NO"
            testExecutionOrdering = "random">
            <BuildableReference
               BuildableIdentifier = "primary"
               BlueprintIdentifier = "90CAA00A27DB2F88007B5FDE"
               BuildableName = "DavidChallengeTests.xctest"
               BlueprintName = "DavidChallengeTests"
               ReferencedContainer = "container:David Castro Challenge.xcodeproj">
            </BuildableReference>
         </TestableReference>
         <TestableReference
            skipped = "NO"
            testExecutionOrdering = "random">
            <BuildableReference
               BuildableIdentifier = "primary"
               BlueprintIdentifier = "907130BF27D7329600B364B2"
               BuildableName = "NetworkingEndToEndTests.xctest"
               BlueprintName = "NetworkingEndToEndTests"
               ReferencedContainer = "container:David Castro Challenge.xcodeproj">
            </BuildableReference>
         </TestableReference>
         <TestableReference
            skipped = "NO"
            testExecutionOrdering = "random">
            <BuildableReference
               BuildableIdentifier = "primary"
               BlueprintIdentifier = "907130A027D71A3900B364B2"
               BuildableName = "NetworkingTests.xctest"
               BlueprintName = "NetworkingTests"
               ReferencedContainer = "container:David Castro Challenge.xcodeproj">
            </BuildableReference>
         </TestableReference>
         <TestableReference
            skipped = "NO"
            testExecutionOrdering = "random">
            <BuildableReference
               BuildableIdentifier = "primary"
               BlueprintIdentifier = "90A7387D27D9B06D00E6335A"
               BuildableName = "StoreTests.xctest"
               BlueprintName = "StoreTests"
               ReferencedContainer = "container:David Castro Challenge.xcodeproj">
            </BuildableReference>
         </TestableReference>
         <TestableReference
            skipped = "NO"
            testExecutionOrdering = "random">
            <BuildableReference
               BuildableIdentifier = "primary"
               BlueprintIdentifier = "909BDD6D27DEEF5E003E2086"
               BuildableName = "iOSComponentsUIKitSnapshotTests.xctest"
               BlueprintName = "iOSComponentsUIKitSnapshotTests"
               ReferencedContainer = "container:David Castro Challenge.xcodeproj">
            </BuildableReference>
         </TestableReference>
         <TestableReference
            skipped = "NO"
            testExecutionOrdering = "random">
            <BuildableReference
               BuildableIdentifier = "primary"
               BlueprintIdentifier = "909BDD5427DEEF3A003E2086"
               BuildableName = "iOSComponentsUIKitTests.xctest"
               BlueprintName = "iOSComponentsUIKitTests"
               ReferencedContainer = "container:David Castro Challenge.xcodeproj">
            </BuildableReference>
         </TestableReference>
      </Testables>
   </TestAction>
   <LaunchAction
      buildConfiguration = "Debug"
      selectedDebuggerIdentifier = "Xcode.DebuggerFoundation.Debugger.LLDB"
      selectedLauncherIdentifier = "Xcode.DebuggerFoundation.Launcher.LLDB"
      launchStyle = "0"
      useCustomWorkingDirectory = "NO"
      ignoresPersistentStateOnLaunch = "NO"
      debugDocumentVersioning = "YES"
      debugServiceExtension = "internal"
      allowLocationSimulation = "YES">
   </LaunchAction>
   <ProfileAction
      buildConfiguration = "Release"
      shouldUseLaunchSchemeArgsEnv = "YES"
      savedToolIdentifier = ""
      useCustomWorkingDirectory = "NO"
      debugDocumentVersioning = "YES">
   </ProfileAction>
   <AnalyzeAction
      buildConfiguration = "Debug">
   </AnalyzeAction>
   <ArchiveAction
      buildConfiguration = "Release"
      revealArchiveInOrganizer = "YES">
   </ArchiveAction>
</Scheme>
